
Microsoft Visual Studio Solution File, Format Version 12.00
# Visual Studio Version 17
Project("{2150E333-8FDC-42A3-9474-1A3956D46DE8}") = "CMakePredefinedTargets", "CMakePredefinedTargets", "{53A9D745-C1F4-3435-9779-981D6D45EF94}"
EndProject
Project("{8BC9CEB8-8B4A-11D0-8D11-00A0C91BC942}") = "ALL_BUILD", "ALL_BUILD.vcxproj", "{862E2279-2A86-3A3F-8B63-EDBB07883EC7}"
	ProjectSection(ProjectDependencies) = postProject
		{EC431121-985B-3ECA-B8D5-E7E07B0BD797} = {EC431121-985B-3ECA-B8D5-E7E07B0BD797}
		{2183EAA1-2473-3068-9059-A1F45C2F2853} = {2183EAA1-2473-3068-9059-A1F45C2F2853}
		{B9EDAE66-37B5-3144-A985-123A1C4768FC} = {B9EDAE66-37B5-3144-A985-123A1C4768FC}
		{69DCF1A9-F3CD-38ED-8F40-64BC4AFE3A54} = {69DCF1A9-F3CD-38ED-8F40-64BC4AFE3A54}
		{2A78D8BB-904F-3F23-8166-87173C42B152} = {2A78D8BB-904F-3F23-8166-87173C42B152}
		{F3996488-95B7-3A2E-A01E-53FA7C5F08C8} = {F3996488-95B7-3A2E-A01E-53FA7C5F08C8}
		{1B6566E4-1367-395A-865F-4BD54C28CD34} = {1B6566E4-1367-395A-865F-4BD54C28CD34}
		{564D2429-CF47-3352-8824-08172D9DFE4D} = {564D2429-CF47-3352-8824-08172D9DFE4D}
		{66EDDC25-89AB-3CCB-A60C-05CE7BCE95CC} = {66EDDC25-89AB-3CCB-A60C-05CE7BCE95CC}
		{0DD2448E-81E4-3D9C-84D2-3563D1000D1A} = {0DD2448E-81E4-3D9C-84D2-3563D1000D1A}
		{75FB6405-A7BB-3A30-B2F2-E1C347AC701B} = {75FB6405-A7BB-3A30-B2F2-E1C347AC701B}
		{27209229-7835-34B7-A694-40F56C1DD30C} = {27209229-7835-34B7-A694-40F56C1DD30C}
		{7346FC40-F21E-31C1-A946-63E248DAC647} = {7346FC40-F21E-31C1-A946-63E248DAC647}
		{92BEA803-ADFF-3099-B7D5-EA15F6426D04} = {92BEA803-ADFF-3099-B7D5-EA15F6426D04}
		{9DF48269-7FD9-3342-AA7C-C8AA5126191A} = {9DF48269-7FD9-3342-AA7C-C8AA5126191A}
		{38AB001A-B2FA-3FF9-80B8-AA105E78DB77} = {38AB001A-B2FA-3FF9-80B8-AA105E78DB77}
		{1BD539A8-0282-31F1-B8EF-EBCEF4E64A90} = {1BD539A8-0282-31F1-B8EF-EBCEF4E64A90}
		{606B42A0-8CC0-3438-90E3-135EEEDEE909} = {606B42A0-8CC0-3438-90E3-135EEEDEE909}
		{AEFB9DDF-4BD2-39FD-AE08-4A1A23A446B7} = {AEFB9DDF-4BD2-39FD-AE08-4A1A23A446B7}
		{9865B25A-2AE1-3AA7-91D9-4B04E0979EB1} = {9865B25A-2AE1-3AA7-91D9-4B04E0979EB1}
		{CC1758BF-B7AC-3214-A2AC-8268398CACDF} = {CC1758BF-B7AC-3214-A2AC-8268398CACDF}
		{CC34468B-0BA8-354A-9E9F-EBD3DF077821} = {CC34468B-0BA8-354A-9E9F-EBD3DF077821}
		{3B075578-1A9B-31BB-9F4C-DB66F080ABF0} = {3B075578-1A9B-31BB-9F4C-DB66F080ABF0}
		{823244C1-E9BF-3A91-9D51-F6FC40EFA42D} = {823244C1-E9BF-3A91-9D51-F6FC40EFA42D}
		{9CC93F3B-3103-3400-89DE-142A8EDB67CC} = {9CC93F3B-3103-3400-89DE-142A8EDB67CC}
		{0CF190FB-BFBC-3F4D-8D25-4D2D1965AE1C} = {0CF190FB-BFBC-3F4D-8D25-4D2D1965AE1C}
		{C0F40FBB-CC94-3732-92F1-6F567756D371} = {C0F40FBB-CC94-3732-92F1-6F567756D371}
		{24D40791-F67C-369C-806E-BC7B3DB0C1B0} = {24D40791-F67C-369C-806E-BC7B3DB0C1B0}
		{5F099F7A-CD09-3FA2-BE8F-5095202EE248} = {5F099F7A-CD09-3FA2-BE8F-5095202EE248}
		{9A1AF67F-8EE5-34B3-A902-AE7FC3AD37AD} = {9A1AF67F-8EE5-34B3-A902-AE7FC3AD37AD}
		{B90C2175-8435-328F-9816-7270A144B299} = {B90C2175-8435-328F-9816-7270A144B299}
		{9337FBE4-E143-3F24-A89D-28F4F9C838C8} = {9337FBE4-E143-3F24-A89D-28F4F9C838C8}
		{CE49F9C0-01F7-322A-BE94-8B2903481C4A} = {CE49F9C0-01F7-322A-BE94-8B2903481C4A}
		{45F6645B-8BE7-3884-87E7-866367D5827A} = {45F6645B-8BE7-3884-87E7-866367D5827A}
		{56B520A0-EBF7-329C-9907-0298A5012FF1} = {56B520A0-EBF7-329C-9907-0298A5012FF1}
		{7BC48B60-0130-3422-BEF8-9801146C2C74} = {7BC48B60-0130-3422-BEF8-9801146C2C74}
		{39138108-A86A-3B09-A2D8-33D56B4D77E4} = {39138108-A86A-3B09-A2D8-33D56B4D77E4}
		{76B1AB2E-0FF6-3F21-B9B0-E96FBFCE5944} = {76B1AB2E-0FF6-3F21-B9B0-E96FBFCE5944}
		{815BBB5A-D3BE-3472-8A4C-AFF2EBC295DE} = {815BBB5A-D3BE-3472-8A4C-AFF2EBC295DE}
		{5CA62C68-9E27-3CEE-B898-38CB16D09A71} = {5CA62C68-9E27-3CEE-B898-38CB16D09A71}
		{356B71F4-FC6E-3C1F-B176-1E035679EA26} = {356B71F4-FC6E-3C1F-B176-1E035679EA26}
		{9966688F-4B31-3FD4-A350-06E1D56723E0} = {9966688F-4B31-3FD4-A350-06E1D56723E0}
		{E2EEAFA4-0229-3654-888F-06817835F4B6} = {E2EEAFA4-0229-3654-888F-06817835F4B6}
		{B13C167B-EEBB-39C9-B812-6F945D62452E} = {B13C167B-EEBB-39C9-B812-6F945D62452E}
		{9471E83B-BECC-373A-AE44-F647004000CF} = {9471E83B-BECC-373A-AE44-F647004000CF}
		{CDE07411-A661-316E-8E32-EC185A86BFD0} = {CDE07411-A661-316E-8E32-EC185A86BFD0}
		{367AD920-BEB6-35A3-9EAE-E72FE77691E7} = {367AD920-BEB6-35A3-9EAE-E72FE77691E7}
		{406EFF55-F5EB-3EF6-A259-652A070C4CC1} = {406EFF55-F5EB-3EF6-A259-652A070C4CC1}
		{E4147C20-C600-37B1-983D-25DA2A08B3D6} = {E4147C20-C600-37B1-983D-25DA2A08B3D6}
	EndProjectSection
EndProject
Project("{8BC9CEB8-8B4A-11D0-8D11-00A0C91BC942}") = "RUN_TESTS", "RUN_TESTS.vcxproj", "{61B15049-E769-36AB-BCEF-A2F2599C82FE}"
	ProjectSection(ProjectDependencies) = postProject
		{EC431121-985B-3ECA-B8D5-E7E07B0BD797} = {EC431121-985B-3ECA-B8D5-E7E07B0BD797}
	EndProjectSection
EndProject
Project("{8BC9CEB8-8B4A-11D0-8D11-00A0C91BC942}") = "ZERO_CHECK", "ZERO_CHECK.vcxproj", "{EC431121-985B-3ECA-B8D5-E7E07B0BD797}"
	ProjectSection(ProjectDependencies) = postProject
	EndProjectSection
EndProject
Project("{8BC9CEB8-8B4A-11D0-8D11-00A0C91BC942}") = "aarch64-softmmu", "aarch64-softmmu.vcxproj", "{2183EAA1-2473-3068-9059-A1F45C2F2853}"
	ProjectSection(ProjectDependencies) = postProject
		{EC431121-985B-3ECA-B8D5-E7E07B0BD797} = {EC431121-985B-3ECA-B8D5-E7E07B0BD797}
		{367AD920-BEB6-35A3-9EAE-E72FE77691E7} = {367AD920-BEB6-35A3-9EAE-E72FE77691E7}
	EndProjectSection
EndProject
Project("{8BC9CEB8-8B4A-11D0-8D11-00A0C91BC942}") = "arm-softmmu", "arm-softmmu.vcxproj", "{B9EDAE66-37B5-3144-A985-123A1C4768FC}"
	ProjectSection(ProjectDependencies) = postProject
		{EC431121-985B-3ECA-B8D5-E7E07B0BD797} = {EC431121-985B-3ECA-B8D5-E7E07B0BD797}
		{367AD920-BEB6-35A3-9EAE-E72FE77691E7} = {367AD920-BEB6-35A3-9EAE-E72FE77691E7}
	EndProjectSection
EndProject
Project("{8BC9CEB8-8B4A-11D0-8D11-00A0C91BC942}") = "bundling_target", "bundling_target.vcxproj", "{69DCF1A9-F3CD-38ED-8F40-64BC4AFE3A54}"
	ProjectSection(ProjectDependencies) = postProject
		{EC431121-985B-3ECA-B8D5-E7E07B0BD797} = {EC431121-985B-3ECA-B8D5-E7E07B0BD797}
		{2183EAA1-2473-3068-9059-A1F45C2F2853} = {2183EAA1-2473-3068-9059-A1F45C2F2853}
		{B9EDAE66-37B5-3144-A985-123A1C4768FC} = {B9EDAE66-37B5-3144-A985-123A1C4768FC}
		{2A78D8BB-904F-3F23-8166-87173C42B152} = {2A78D8BB-904F-3F23-8166-87173C42B152}
		{1B6566E4-1367-395A-865F-4BD54C28CD34} = {1B6566E4-1367-395A-865F-4BD54C28CD34}
		{564D2429-CF47-3352-8824-08172D9DFE4D} = {564D2429-CF47-3352-8824-08172D9DFE4D}
		{66EDDC25-89AB-3CCB-A60C-05CE7BCE95CC} = {66EDDC25-89AB-3CCB-A60C-05CE7BCE95CC}
		{0DD2448E-81E4-3D9C-84D2-3563D1000D1A} = {0DD2448E-81E4-3D9C-84D2-3563D1000D1A}
		{75FB6405-A7BB-3A30-B2F2-E1C347AC701B} = {75FB6405-A7BB-3A30-B2F2-E1C347AC701B}
		{27209229-7835-34B7-A694-40F56C1DD30C} = {27209229-7835-34B7-A694-40F56C1DD30C}
		{7346FC40-F21E-31C1-A946-63E248DAC647} = {7346FC40-F21E-31C1-A946-63E248DAC647}
		{92BEA803-ADFF-3099-B7D5-EA15F6426D04} = {92BEA803-ADFF-3099-B7D5-EA15F6426D04}
		{9DF48269-7FD9-3342-AA7C-C8AA5126191A} = {9DF48269-7FD9-3342-AA7C-C8AA5126191A}
		{B90C2175-8435-328F-9816-7270A144B299} = {B90C2175-8435-328F-9816-7270A144B299}
		{9337FBE4-E143-3F24-A89D-28F4F9C838C8} = {9337FBE4-E143-3F24-A89D-28F4F9C838C8}
		{9471E83B-BECC-373A-AE44-F647004000CF} = {9471E83B-BECC-373A-AE44-F647004000CF}
		{367AD920-BEB6-35A3-9EAE-E72FE77691E7} = {367AD920-BEB6-35A3-9EAE-E72FE77691E7}
		{406EFF55-F5EB-3EF6-A259-652A070C4CC1} = {406EFF55-F5EB-3EF6-A259-652A070C4CC1}
		{E4147C20-C600-37B1-983D-25DA2A08B3D6} = {E4147C20-C600-37B1-983D-25DA2A08B3D6}
	EndProjectSection
EndProject
Project("{8BC9CEB8-8B4A-11D0-8D11-00A0C91BC942}") = "m68k-softmmu", "m68k-softmmu.vcxproj", "{2A78D8BB-904F-3F23-8166-87173C42B152}"
	ProjectSection(ProjectDependencies) = postProject
		{EC431121-985B-3ECA-B8D5-E7E07B0BD797} = {EC431121-985B-3ECA-B8D5-E7E07B0BD797}
		{367AD920-BEB6-35A3-9EAE-E72FE77691E7} = {367AD920-BEB6-35A3-9EAE-E72FE77691E7}
	EndProjectSection
EndProject
Project("{8BC9CEB8-8B4A-11D0-8D11-00A0C91BC942}") = "mem_apis", "mem_apis.vcxproj", "{F3996488-95B7-3A2E-A01E-53FA7C5F08C8}"
	ProjectSection(ProjectDependencies) = postProject
		{EC431121-985B-3ECA-B8D5-E7E07B0BD797} = {EC431121-985B-3ECA-B8D5-E7E07B0BD797}
		{CDE07411-A661-316E-8E32-EC185A86BFD0} = {CDE07411-A661-316E-8E32-EC185A86BFD0}
	EndProjectSection
EndProject
Project("{8BC9CEB8-8B4A-11D0-8D11-00A0C91BC942}") = "mips-softmmu", "mips-softmmu.vcxproj", "{1B6566E4-1367-395A-865F-4BD54C28CD34}"
	ProjectSection(ProjectDependencies) = postProject
		{EC431121-985B-3ECA-B8D5-E7E07B0BD797} = {EC431121-985B-3ECA-B8D5-E7E07B0BD797}
		{367AD920-BEB6-35A3-9EAE-E72FE77691E7} = {367AD920-BEB6-35A3-9EAE-E72FE77691E7}
	EndProjectSection
EndProject
Project("{8BC9CEB8-8B4A-11D0-8D11-00A0C91BC942}") = "mips64-softmmu", "mips64-softmmu.vcxproj", "{564D2429-CF47-3352-8824-08172D9DFE4D}"
	ProjectSection(ProjectDependencies) = postProject
		{EC431121-985B-3ECA-B8D5-E7E07B0BD797} = {EC431121-985B-3ECA-B8D5-E7E07B0BD797}
		{367AD920-BEB6-35A3-9EAE-E72FE77691E7} = {367AD920-BEB6-35A3-9EAE-E72FE77691E7}
	EndProjectSection
EndProject
Project("{8BC9CEB8-8B4A-11D0-8D11-00A0C91BC942}") = "mips64el-softmmu", "mips64el-softmmu.vcxproj", "{66EDDC25-89AB-3CCB-A60C-05CE7BCE95CC}"
	ProjectSection(ProjectDependencies) = postProject
		{EC431121-985B-3ECA-B8D5-E7E07B0BD797} = {EC431121-985B-3ECA-B8D5-E7E07B0BD797}
		{367AD920-BEB6-35A3-9EAE-E72FE77691E7} = {367AD920-BEB6-35A3-9EAE-E72FE77691E7}
	EndProjectSection
EndProject
Project("{8BC9CEB8-8B4A-11D0-8D11-00A0C91BC942}") = "mipsel-softmmu", "mipsel-softmmu.vcxproj", "{0DD2448E-81E4-3D9C-84D2-3563D1000D1A}"
	ProjectSection(ProjectDependencies) = postProject
		{EC431121-985B-3ECA-B8D5-E7E07B0BD797} = {EC431121-985B-3ECA-B8D5-E7E07B0BD797}
		{367AD920-BEB6-35A3-9EAE-E72FE77691E7} = {367AD920-BEB6-35A3-9EAE-E72FE77691E7}
	EndProjectSection
EndProject
Project("{8BC9CEB8-8B4A-11D0-8D11-00A0C91BC942}") = "ppc-softmmu", "ppc-softmmu.vcxproj", "{75FB6405-A7BB-3A30-B2F2-E1C347AC701B}"
	ProjectSection(ProjectDependencies) = postProject
		{EC431121-985B-3ECA-B8D5-E7E07B0BD797} = {EC431121-985B-3ECA-B8D5-E7E07B0BD797}
		{367AD920-BEB6-35A3-9EAE-E72FE77691E7} = {367AD920-BEB6-35A3-9EAE-E72FE77691E7}
	EndProjectSection
EndProject
Project("{8BC9CEB8-8B4A-11D0-8D11-00A0C91BC942}") = "ppc64-softmmu", "ppc64-softmmu.vcxproj", "{27209229-7835-34B7-A694-40F56C1DD30C}"
	ProjectSection(ProjectDependencies) = postProject
		{EC431121-985B-3ECA-B8D5-E7E07B0BD797} = {EC431121-985B-3ECA-B8D5-E7E07B0BD797}
		{367AD920-BEB6-35A3-9EAE-E72FE77691E7} = {367AD920-BEB6-35A3-9EAE-E72FE77691E7}
	EndProjectSection
EndProject
Project("{8BC9CEB8-8B4A-11D0-8D11-00A0C91BC942}") = "riscv32-softmmu", "riscv32-softmmu.vcxproj", "{7346FC40-F21E-31C1-A946-63E248DAC647}"
	ProjectSection(ProjectDependencies) = postProject
		{EC431121-985B-3ECA-B8D5-E7E07B0BD797} = {EC431121-985B-3ECA-B8D5-E7E07B0BD797}
		{367AD920-BEB6-35A3-9EAE-E72FE77691E7} = {367AD920-BEB6-35A3-9EAE-E72FE77691E7}
	EndProjectSection
EndProject
Project("{8BC9CEB8-8B4A-11D0-8D11-00A0C91BC942}") = "riscv64-softmmu", "riscv64-softmmu.vcxproj", "{92BEA803-ADFF-3099-B7D5-EA15F6426D04}"
	ProjectSection(ProjectDependencies) = postProject
		{EC431121-985B-3ECA-B8D5-E7E07B0BD797} = {EC431121-985B-3ECA-B8D5-E7E07B0BD797}
		{367AD920-BEB6-35A3-9EAE-E72FE77691E7} = {367AD920-BEB6-35A3-9EAE-E72FE77691E7}
	EndProjectSection
EndProject
Project("{8BC9CEB8-8B4A-11D0-8D11-00A0C91BC942}") = "s390x-softmmu", "s390x-softmmu.vcxproj", "{9DF48269-7FD9-3342-AA7C-C8AA5126191A}"
	ProjectSection(ProjectDependencies) = postProject
		{EC431121-985B-3ECA-B8D5-E7E07B0BD797} = {EC431121-985B-3ECA-B8D5-E7E07B0BD797}
		{367AD920-BEB6-35A3-9EAE-E72FE77691E7} = {367AD920-BEB6-35A3-9EAE-E72FE77691E7}
	EndProjectSection
EndProject
Project("{8BC9CEB8-8B4A-11D0-8D11-00A0C91BC942}") = "sample_arm", "sample_arm.vcxproj", "{38AB001A-B2FA-3FF9-80B8-AA105E78DB77}"
	ProjectSection(ProjectDependencies) = postProject
		{EC431121-985B-3ECA-B8D5-E7E07B0BD797} = {EC431121-985B-3ECA-B8D5-E7E07B0BD797}
		{CDE07411-A661-316E-8E32-EC185A86BFD0} = {CDE07411-A661-316E-8E32-EC185A86BFD0}
	EndProjectSection
EndProject
Project("{8BC9CEB8-8B4A-11D0-8D11-00A0C91BC942}") = "sample_arm64", "sample_arm64.vcxproj", "{1BD539A8-0282-31F1-B8EF-EBCEF4E64A90}"
	ProjectSection(ProjectDependencies) = postProject
		{EC431121-985B-3ECA-B8D5-E7E07B0BD797} = {EC431121-985B-3ECA-B8D5-E7E07B0BD797}
		{CDE07411-A661-316E-8E32-EC185A86BFD0} = {CDE07411-A661-316E-8E32-EC185A86BFD0}
	EndProjectSection
EndProject
Project("{8BC9CEB8-8B4A-11D0-8D11-00A0C91BC942}") = "sample_batch_reg", "sample_batch_reg.vcxproj", "{606B42A0-8CC0-3438-90E3-135EEEDEE909}"
	ProjectSection(ProjectDependencies) = postProject
		{EC431121-985B-3ECA-B8D5-E7E07B0BD797} = {EC431121-985B-3ECA-B8D5-E7E07B0BD797}
		{CDE07411-A661-316E-8E32-EC185A86BFD0} = {CDE07411-A661-316E-8E32-EC185A86BFD0}
	EndProjectSection
EndProject
Project("{8BC9CEB8-8B4A-11D0-8D11-00A0C91BC942}") = "sample_ctl", "sample_ctl.vcxproj", "{AEFB9DDF-4BD2-39FD-AE08-4A1A23A446B7}"
	ProjectSection(ProjectDependencies) = postProject
		{EC431121-985B-3ECA-B8D5-E7E07B0BD797} = {EC431121-985B-3ECA-B8D5-E7E07B0BD797}
		{CDE07411-A661-316E-8E32-EC185A86BFD0} = {CDE07411-A661-316E-8E32-EC185A86BFD0}
	EndProjectSection
EndProject
Project("{8BC9CEB8-8B4A-11D0-8D11-00A0C91BC942}") = "sample_m68k", "sample_m68k.vcxproj", "{9865B25A-2AE1-3AA7-91D9-4B04E0979EB1}"
	ProjectSection(ProjectDependencies) = postProject
		{EC431121-985B-3ECA-B8D5-E7E07B0BD797} = {EC431121-985B-3ECA-B8D5-E7E07B0BD797}
		{CDE07411-A661-316E-8E32-EC185A86BFD0} = {CDE07411-A661-316E-8E32-EC185A86BFD0}
	EndProjectSection
EndProject
Project("{8BC9CEB8-8B4A-11D0-8D11-00A0C91BC942}") = "sample_mips", "sample_mips.vcxproj", "{CC1758BF-B7AC-3214-A2AC-8268398CACDF}"
	ProjectSection(ProjectDependencies) = postProject
		{EC431121-985B-3ECA-B8D5-E7E07B0BD797} = {EC431121-985B-3ECA-B8D5-E7E07B0BD797}
		{CDE07411-A661-316E-8E32-EC185A86BFD0} = {CDE07411-A661-316E-8E32-EC185A86BFD0}
	EndProjectSection
EndProject
Project("{8BC9CEB8-8B4A-11D0-8D11-00A0C91BC942}") = "sample_mmu", "sample_mmu.vcxproj", "{CC34468B-0BA8-354A-9E9F-EBD3DF077821}"
	ProjectSection(ProjectDependencies) = postProject
		{EC431121-985B-3ECA-B8D5-E7E07B0BD797} = {EC431121-985B-3ECA-B8D5-E7E07B0BD797}
		{CDE07411-A661-316E-8E32-EC185A86BFD0} = {CDE07411-A661-316E-8E32-EC185A86BFD0}
	EndProjectSection
EndProject
Project("{8BC9CEB8-8B4A-11D0-8D11-00A0C91BC942}") = "sample_ppc", "sample_ppc.vcxproj", "{3B075578-1A9B-31BB-9F4C-DB66F080ABF0}"
	ProjectSection(ProjectDependencies) = postProject
		{EC431121-985B-3ECA-B8D5-E7E07B0BD797} = {EC431121-985B-3ECA-B8D5-E7E07B0BD797}
		{CDE07411-A661-316E-8E32-EC185A86BFD0} = {CDE07411-A661-316E-8E32-EC185A86BFD0}
	EndProjectSection
EndProject
Project("{8BC9CEB8-8B4A-11D0-8D11-00A0C91BC942}") = "sample_riscv", "sample_riscv.vcxproj", "{823244C1-E9BF-3A91-9D51-F6FC40EFA42D}"
	ProjectSection(ProjectDependencies) = postProject
		{EC431121-985B-3ECA-B8D5-E7E07B0BD797} = {EC431121-985B-3ECA-B8D5-E7E07B0BD797}
		{CDE07411-A661-316E-8E32-EC185A86BFD0} = {CDE07411-A661-316E-8E32-EC185A86BFD0}
	EndProjectSection
EndProject
Project("{8BC9CEB8-8B4A-11D0-8D11-00A0C91BC942}") = "sample_s390x", "sample_s390x.vcxproj", "{9CC93F3B-3103-3400-89DE-142A8EDB67CC}"
	ProjectSection(ProjectDependencies) = postProject
		{EC431121-985B-3ECA-B8D5-E7E07B0BD797} = {EC431121-985B-3ECA-B8D5-E7E07B0BD797}
		{CDE07411-A661-316E-8E32-EC185A86BFD0} = {CDE07411-A661-316E-8E32-EC185A86BFD0}
	EndProjectSection
EndProject
Project("{8BC9CEB8-8B4A-11D0-8D11-00A0C91BC942}") = "sample_sparc", "sample_sparc.vcxproj", "{0CF190FB-BFBC-3F4D-8D25-4D2D1965AE1C}"
	ProjectSection(ProjectDependencies) = postProject
		{EC431121-985B-3ECA-B8D5-E7E07B0BD797} = {EC431121-985B-3ECA-B8D5-E7E07B0BD797}
		{CDE07411-A661-316E-8E32-EC185A86BFD0} = {CDE07411-A661-316E-8E32-EC185A86BFD0}
	EndProjectSection
EndProject
Project("{8BC9CEB8-8B4A-11D0-8D11-00A0C91BC942}") = "sample_tricore", "sample_tricore.vcxproj", "{C0F40FBB-CC94-3732-92F1-6F567756D371}"
	ProjectSection(ProjectDependencies) = postProject
		{EC431121-985B-3ECA-B8D5-E7E07B0BD797} = {EC431121-985B-3ECA-B8D5-E7E07B0BD797}
		{CDE07411-A661-316E-8E32-EC185A86BFD0} = {CDE07411-A661-316E-8E32-EC185A86BFD0}
	EndProjectSection
EndProject
Project("{8BC9CEB8-8B4A-11D0-8D11-00A0C91BC942}") = "sample_x86", "sample_x86.vcxproj", "{24D40791-F67C-369C-806E-BC7B3DB0C1B0}"
	ProjectSection(ProjectDependencies) = postProject
		{EC431121-985B-3ECA-B8D5-E7E07B0BD797} = {EC431121-985B-3ECA-B8D5-E7E07B0BD797}
		{CDE07411-A661-316E-8E32-EC185A86BFD0} = {CDE07411-A661-316E-8E32-EC185A86BFD0}
	EndProjectSection
EndProject
Project("{8BC9CEB8-8B4A-11D0-8D11-00A0C91BC942}") = "sample_x86_32_gdt_and_seg_regs", "sample_x86_32_gdt_and_seg_regs.vcxproj", "{5F099F7A-CD09-3FA2-BE8F-5095202EE248}"
	ProjectSection(ProjectDependencies) = postProject
		{EC431121-985B-3ECA-B8D5-E7E07B0BD797} = {EC431121-985B-3ECA-B8D5-E7E07B0BD797}
		{CDE07411-A661-316E-8E32-EC185A86BFD0} = {CDE07411-A661-316E-8E32-EC185A86BFD0}
	EndProjectSection
EndProject
Project("{8BC9CEB8-8B4A-11D0-8D11-00A0C91BC942}") = "shellcode", "shellcode.vcxproj", "{9A1AF67F-8EE5-34B3-A902-AE7FC3AD37AD}"
	ProjectSection(ProjectDependencies) = postProject
		{EC431121-985B-3ECA-B8D5-E7E07B0BD797} = {EC431121-985B-3ECA-B8D5-E7E07B0BD797}
		{CDE07411-A661-316E-8E32-EC185A86BFD0} = {CDE07411-A661-316E-8E32-EC185A86BFD0}
	EndProjectSection
EndProject
Project("{8BC9CEB8-8B4A-11D0-8D11-00A0C91BC942}") = "sparc-softmmu", "sparc-softmmu.vcxproj", "{B90C2175-8435-328F-9816-7270A144B299}"
	ProjectSection(ProjectDependencies) = postProject
		{EC431121-985B-3ECA-B8D5-E7E07B0BD797} = {EC431121-985B-3ECA-B8D5-E7E07B0BD797}
		{367AD920-BEB6-35A3-9EAE-E72FE77691E7} = {367AD920-BEB6-35A3-9EAE-E72FE77691E7}
	EndProjectSection
EndProject
Project("{8BC9CEB8-8B4A-11D0-8D11-00A0C91BC942}") = "sparc64-softmmu", "sparc64-softmmu.vcxproj", "{9337FBE4-E143-3F24-A89D-28F4F9C838C8}"
	ProjectSection(ProjectDependencies) = postProject
		{EC431121-985B-3ECA-B8D5-E7E07B0BD797} = {EC431121-985B-3ECA-B8D5-E7E07B0BD797}
		{367AD920-BEB6-35A3-9EAE-E72FE77691E7} = {367AD920-BEB6-35A3-9EAE-E72FE77691E7}
	EndProjectSection
EndProject
Project("{8BC9CEB8-8B4A-11D0-8D11-00A0C91BC942}") = "test_arm", "test_arm.vcxproj", "{CE49F9C0-01F7-322A-BE94-8B2903481C4A}"
	ProjectSection(ProjectDependencies) = postProject
		{EC431121-985B-3ECA-B8D5-E7E07B0BD797} = {EC431121-985B-3ECA-B8D5-E7E07B0BD797}
		{CDE07411-A661-316E-8E32-EC185A86BFD0} = {CDE07411-A661-316E-8E32-EC185A86BFD0}
	EndProjectSection
EndProject
Project("{8BC9CEB8-8B4A-11D0-8D11-00A0C91BC942}") = "test_arm64", "test_arm64.vcxproj", "{45F6645B-8BE7-3884-87E7-866367D5827A}"
	ProjectSection(ProjectDependencies) = postProject
		{EC431121-985B-3ECA-B8D5-E7E07B0BD797} = {EC431121-985B-3ECA-B8D5-E7E07B0BD797}
		{CDE07411-A661-316E-8E32-EC185A86BFD0} = {CDE07411-A661-316E-8E32-EC185A86BFD0}
	EndProjectSection
EndProject
Project("{8BC9CEB8-8B4A-11D0-8D11-00A0C91BC942}") = "test_ctl", "test_ctl.vcxproj", "{56B520A0-EBF7-329C-9907-0298A5012FF1}"
	ProjectSection(ProjectDependencies) = postProject
		{EC431121-985B-3ECA-B8D5-E7E07B0BD797} = {EC431121-985B-3ECA-B8D5-E7E07B0BD797}
		{CDE07411-A661-316E-8E32-EC185A86BFD0} = {CDE07411-A661-316E-8E32-EC185A86BFD0}
	EndProjectSection
EndProject
Project("{8BC9CEB8-8B4A-11D0-8D11-00A0C91BC942}") = "test_m68k", "test_m68k.vcxproj", "{7BC48B60-0130-3422-BEF8-9801146C2C74}"
	ProjectSection(ProjectDependencies) = postProject
		{EC431121-985B-3ECA-B8D5-E7E07B0BD797} = {EC431121-985B-3ECA-B8D5-E7E07B0BD797}
		{CDE07411-A661-316E-8E32-EC185A86BFD0} = {CDE07411-A661-316E-8E32-EC185A86BFD0}
	EndProjectSection
EndProject
Project("{8BC9CEB8-8B4A-11D0-8D11-00A0C91BC942}") = "test_mem", "test_mem.vcxproj", "{39138108-A86A-3B09-A2D8-33D56B4D77E4}"
	ProjectSection(ProjectDependencies) = postProject
		{EC431121-985B-3ECA-B8D5-E7E07B0BD797} = {EC431121-985B-3ECA-B8D5-E7E07B0BD797}
		{CDE07411-A661-316E-8E32-EC185A86BFD0} = {CDE07411-A661-316E-8E32-EC185A86BFD0}
	EndProjectSection
EndProject
Project("{8BC9CEB8-8B4A-11D0-8D11-00A0C91BC942}") = "test_mips", "test_mips.vcxproj", "{76B1AB2E-0FF6-3F21-B9B0-E96FBFCE5944}"
	ProjectSection(ProjectDependencies) = postProject
		{EC431121-985B-3ECA-B8D5-E7E07B0BD797} = {EC431121-985B-3ECA-B8D5-E7E07B0BD797}
		{CDE07411-A661-316E-8E32-EC185A86BFD0} = {CDE07411-A661-316E-8E32-EC185A86BFD0}
	EndProjectSection
EndProject
Project("{8BC9CEB8-8B4A-11D0-8D11-00A0C91BC942}") = "test_ppc", "test_ppc.vcxproj", "{815BBB5A-D3BE-3472-8A4C-AFF2EBC295DE}"
	ProjectSection(ProjectDependencies) = postProject
		{EC431121-985B-3ECA-B8D5-E7E07B0BD797} = {EC431121-985B-3ECA-B8D5-E7E07B0BD797}
		{CDE07411-A661-316E-8E32-EC185A86BFD0} = {CDE07411-A661-316E-8E32-EC185A86BFD0}
	EndProjectSection
EndProject
Project("{8BC9CEB8-8B4A-11D0-8D11-00A0C91BC942}") = "test_riscv", "test_riscv.vcxproj", "{5CA62C68-9E27-3CEE-B898-38CB16D09A71}"
	ProjectSection(ProjectDependencies) = postProject
		{EC431121-985B-3ECA-B8D5-E7E07B0BD797} = {EC431121-985B-3ECA-B8D5-E7E07B0BD797}
		{CDE07411-A661-316E-8E32-EC185A86BFD0} = {CDE07411-A661-316E-8E32-EC185A86BFD0}
	EndProjectSection
EndProject
Project("{8BC9CEB8-8B4A-11D0-8D11-00A0C91BC942}") = "test_s390x", "test_s390x.vcxproj", "{356B71F4-FC6E-3C1F-B176-1E035679EA26}"
	ProjectSection(ProjectDependencies) = postProject
		{EC431121-985B-3ECA-B8D5-E7E07B0BD797} = {EC431121-985B-3ECA-B8D5-E7E07B0BD797}
		{CDE07411-A661-316E-8E32-EC185A86BFD0} = {CDE07411-A661-316E-8E32-EC185A86BFD0}
	EndProjectSection
EndProject
Project("{8BC9CEB8-8B4A-11D0-8D11-00A0C91BC942}") = "test_sparc", "test_sparc.vcxproj", "{9966688F-4B31-3FD4-A350-06E1D56723E0}"
	ProjectSection(ProjectDependencies) = postProject
		{EC431121-985B-3ECA-B8D5-E7E07B0BD797} = {EC431121-985B-3ECA-B8D5-E7E07B0BD797}
		{CDE07411-A661-316E-8E32-EC185A86BFD0} = {CDE07411-A661-316E-8E32-EC185A86BFD0}
	EndProjectSection
EndProject
Project("{8BC9CEB8-8B4A-11D0-8D11-00A0C91BC942}") = "test_tricore", "test_tricore.vcxproj", "{E2EEAFA4-0229-3654-888F-06817835F4B6}"
	ProjectSection(ProjectDependencies) = postProject
		{EC431121-985B-3ECA-B8D5-E7E07B0BD797} = {EC431121-985B-3ECA-B8D5-E7E07B0BD797}
		{CDE07411-A661-316E-8E32-EC185A86BFD0} = {CDE07411-A661-316E-8E32-EC185A86BFD0}
	EndProjectSection
EndProject
Project("{8BC9CEB8-8B4A-11D0-8D11-00A0C91BC942}") = "test_x86", "test_x86.vcxproj", "{B13C167B-EEBB-39C9-B812-6F945D62452E}"
	ProjectSection(ProjectDependencies) = postProject
		{EC431121-985B-3ECA-B8D5-E7E07B0BD797} = {EC431121-985B-3ECA-B8D5-E7E07B0BD797}
		{CDE07411-A661-316E-8E32-EC185A86BFD0} = {CDE07411-A661-316E-8E32-EC185A86BFD0}
	EndProjectSection
EndProject
Project("{8BC9CEB8-8B4A-11D0-8D11-00A0C91BC942}") = "tricore-softmmu", "tricore-softmmu.vcxproj", "{9471E83B-BECC-373A-AE44-F647004000CF}"
	ProjectSection(ProjectDependencies) = postProject
		{EC431121-985B-3ECA-B8D5-E7E07B0BD797} = {EC431121-985B-3ECA-B8D5-E7E07B0BD797}
		{367AD920-BEB6-35A3-9EAE-E72FE77691E7} = {367AD920-BEB6-35A3-9EAE-E72FE77691E7}
	EndProjectSection
EndProject
Project("{8BC9CEB8-8B4A-11D0-8D11-00A0C91BC942}") = "unicorn", "unicorn.vcxproj", "{CDE07411-A661-316E-8E32-EC185A86BFD0}"
	ProjectSection(ProjectDependencies) = postProject
		{EC431121-985B-3ECA-B8D5-E7E07B0BD797} = {EC431121-985B-3ECA-B8D5-E7E07B0BD797}
		{2183EAA1-2473-3068-9059-A1F45C2F2853} = {2183EAA1-2473-3068-9059-A1F45C2F2853}
		{B9EDAE66-37B5-3144-A985-123A1C4768FC} = {B9EDAE66-37B5-3144-A985-123A1C4768FC}
		{2A78D8BB-904F-3F23-8166-87173C42B152} = {2A78D8BB-904F-3F23-8166-87173C42B152}
		{1B6566E4-1367-395A-865F-4BD54C28CD34} = {1B6566E4-1367-395A-865F-4BD54C28CD34}
		{564D2429-CF47-3352-8824-08172D9DFE4D} = {564D2429-CF47-3352-8824-08172D9DFE4D}
		{66EDDC25-89AB-3CCB-A60C-05CE7BCE95CC} = {66EDDC25-89AB-3CCB-A60C-05CE7BCE95CC}
		{0DD2448E-81E4-3D9C-84D2-3563D1000D1A} = {0DD2448E-81E4-3D9C-84D2-3563D1000D1A}
		{75FB6405-A7BB-3A30-B2F2-E1C347AC701B} = {75FB6405-A7BB-3A30-B2F2-E1C347AC701B}
		{27209229-7835-34B7-A694-40F56C1DD30C} = {27209229-7835-34B7-A694-40F56C1DD30C}
		{7346FC40-F21E-31C1-A946-63E248DAC647} = {7346FC40-F21E-31C1-A946-63E248DAC647}
		{92BEA803-ADFF-3099-B7D5-EA15F6426D04} = {92BEA803-ADFF-3099-B7D5-EA15F6426D04}
		{9DF48269-7FD9-3342-AA7C-C8AA5126191A} = {9DF48269-7FD9-3342-AA7C-C8AA5126191A}
		{B90C2175-8435-328F-9816-7270A144B299} = {B90C2175-8435-328F-9816-7270A144B299}
		{9337FBE4-E143-3F24-A89D-28F4F9C838C8} = {9337FBE4-E143-3F24-A89D-28F4F9C838C8}
		{9471E83B-BECC-373A-AE44-F647004000CF} = {9471E83B-BECC-373A-AE44-F647004000CF}
		{367AD920-BEB6-35A3-9EAE-E72FE77691E7} = {367AD920-BEB6-35A3-9EAE-E72FE77691E7}
		{E4147C20-C600-37B1-983D-25DA2A08B3D6} = {E4147C20-C600-37B1-983D-25DA2A08B3D6}
	EndProjectSection
EndProject
Project("{8BC9CEB8-8B4A-11D0-8D11-00A0C91BC942}") = "unicorn-common", "unicorn-common.vcxproj", "{367AD920-BEB6-35A3-9EAE-E72FE77691E7}"
	ProjectSection(ProjectDependencies) = postProject
		{EC431121-985B-3ECA-B8D5-E7E07B0BD797} = {EC431121-985B-3ECA-B8D5-E7E07B0BD797}
	EndProjectSection
EndProject
Project("{8BC9CEB8-8B4A-11D0-8D11-00A0C91BC942}") = "unicorn_static", "unicorn_static.vcxproj", "{406EFF55-F5EB-3EF6-A259-652A070C4CC1}"
	ProjectSection(ProjectDependencies) = postProject
		{EC431121-985B-3ECA-B8D5-E7E07B0BD797} = {EC431121-985B-3ECA-B8D5-E7E07B0BD797}
		{2183EAA1-2473-3068-9059-A1F45C2F2853} = {2183EAA1-2473-3068-9059-A1F45C2F2853}
		{B9EDAE66-37B5-3144-A985-123A1C4768FC} = {B9EDAE66-37B5-3144-A985-123A1C4768FC}
		{2A78D8BB-904F-3F23-8166-87173C42B152} = {2A78D8BB-904F-3F23-8166-87173C42B152}
		{1B6566E4-1367-395A-865F-4BD54C28CD34} = {1B6566E4-1367-395A-865F-4BD54C28CD34}
		{564D2429-CF47-3352-8824-08172D9DFE4D} = {564D2429-CF47-3352-8824-08172D9DFE4D}
		{66EDDC25-89AB-3CCB-A60C-05CE7BCE95CC} = {66EDDC25-89AB-3CCB-A60C-05CE7BCE95CC}
		{0DD2448E-81E4-3D9C-84D2-3563D1000D1A} = {0DD2448E-81E4-3D9C-84D2-3563D1000D1A}
		{75FB6405-A7BB-3A30-B2F2-E1C347AC701B} = {75FB6405-A7BB-3A30-B2F2-E1C347AC701B}
		{27209229-7835-34B7-A694-40F56C1DD30C} = {27209229-7835-34B7-A694-40F56C1DD30C}
		{7346FC40-F21E-31C1-A946-63E248DAC647} = {7346FC40-F21E-31C1-A946-63E248DAC647}
		{92BEA803-ADFF-3099-B7D5-EA15F6426D04} = {92BEA803-ADFF-3099-B7D5-EA15F6426D04}
		{9DF48269-7FD9-3342-AA7C-C8AA5126191A} = {9DF48269-7FD9-3342-AA7C-C8AA5126191A}
		{B90C2175-8435-328F-9816-7270A144B299} = {B90C2175-8435-328F-9816-7270A144B299}
		{9337FBE4-E143-3F24-A89D-28F4F9C838C8} = {9337FBE4-E143-3F24-A89D-28F4F9C838C8}
		{9471E83B-BECC-373A-AE44-F647004000CF} = {9471E83B-BECC-373A-AE44-F647004000CF}
		{367AD920-BEB6-35A3-9EAE-E72FE77691E7} = {367AD920-BEB6-35A3-9EAE-E72FE77691E7}
		{E4147C20-C600-37B1-983D-25DA2A08B3D6} = {E4147C20-C600-37B1-983D-25DA2A08B3D6}
	EndProjectSection
EndProject
Project("{8BC9CEB8-8B4A-11D0-8D11-00A0C91BC942}") = "x86_64-softmmu", "x86_64-softmmu.vcxproj", "{E4147C20-C600-37B1-983D-25DA2A08B3D6}"
	ProjectSection(ProjectDependencies) = postProject
		{EC431121-985B-3ECA-B8D5-E7E07B0BD797} = {EC431121-985B-3ECA-B8D5-E7E07B0BD797}
		{367AD920-BEB6-35A3-9EAE-E72FE77691E7} = {367AD920-BEB6-35A3-9EAE-E72FE77691E7}
	EndProjectSection
EndProject
Global
	GlobalSection(SolutionConfigurationPlatforms) = preSolution
		Debug|x64 = Debug|x64
		Release|x64 = Release|x64
		MinSizeRel|x64 = MinSizeRel|x64
		RelWithDebInfo|x64 = RelWithDebInfo|x64
	EndGlobalSection
	GlobalSection(ProjectConfigurationPlatforms) = postSolution
		{862E2279-2A86-3A3F-8B63-EDBB07883EC7}.Debug|x64.ActiveCfg = Debug|x64
		{862E2279-2A86-3A3F-8B63-EDBB07883EC7}.Release|x64.ActiveCfg = Release|x64
		{862E2279-2A86-3A3F-8B63-EDBB07883EC7}.MinSizeRel|x64.ActiveCfg = MinSizeRel|x64
		{862E2279-2A86-3A3F-8B63-EDBB07883EC7}.RelWithDebInfo|x64.ActiveCfg = RelWithDebInfo|x64
		{61B15049-E769-36AB-BCEF-A2F2599C82FE}.Debug|x64.ActiveCfg = Debug|x64
		{61B15049-E769-36AB-BCEF-A2F2599C82FE}.Release|x64.ActiveCfg = Release|x64
		{61B15049-E769-36AB-BCEF-A2F2599C82FE}.MinSizeRel|x64.ActiveCfg = MinSizeRel|x64
		{61B15049-E769-36AB-BCEF-A2F2599C82FE}.RelWithDebInfo|x64.ActiveCfg = RelWithDebInfo|x64
		{EC431121-985B-3ECA-B8D5-E7E07B0BD797}.Debug|x64.ActiveCfg = Debug|x64
		{EC431121-985B-3ECA-B8D5-E7E07B0BD797}.Debug|x64.Build.0 = Debug|x64
		{EC431121-985B-3ECA-B8D5-E7E07B0BD797}.Release|x64.ActiveCfg = Release|x64
		{EC431121-985B-3ECA-B8D5-E7E07B0BD797}.Release|x64.Build.0 = Release|x64
		{EC431121-985B-3ECA-B8D5-E7E07B0BD797}.MinSizeRel|x64.ActiveCfg = MinSizeRel|x64
		{EC431121-985B-3ECA-B8D5-E7E07B0BD797}.MinSizeRel|x64.Build.0 = MinSizeRel|x64
		{EC431121-985B-3ECA-B8D5-E7E07B0BD797}.RelWithDebInfo|x64.ActiveCfg = RelWithDebInfo|x64
		{EC431121-985B-3ECA-B8D5-E7E07B0BD797}.RelWithDebInfo|x64.Build.0 = RelWithDebInfo|x64
		{2183EAA1-2473-3068-9059-A1F45C2F2853}.Debug|x64.ActiveCfg = Debug|x64
		{2183EAA1-2473-3068-9059-A1F45C2F2853}.Debug|x64.Build.0 = Debug|x64
		{2183EAA1-2473-3068-9059-A1F45C2F2853}.Release|x64.ActiveCfg = Release|x64
		{2183EAA1-2473-3068-9059-A1F45C2F2853}.Release|x64.Build.0 = Release|x64
		{2183EAA1-2473-3068-9059-A1F45C2F2853}.MinSizeRel|x64.ActiveCfg = MinSizeRel|x64
		{2183EAA1-2473-3068-9059-A1F45C2F2853}.MinSizeRel|x64.Build.0 = MinSizeRel|x64
		{2183EAA1-2473-3068-9059-A1F45C2F2853}.RelWithDebInfo|x64.ActiveCfg = RelWithDebInfo|x64
		{2183EAA1-2473-3068-9059-A1F45C2F2853}.RelWithDebInfo|x64.Build.0 = RelWithDebInfo|x64
		{B9EDAE66-37B5-3144-A985-123A1C4768FC}.Debug|x64.ActiveCfg = Debug|x64
		{B9EDAE66-37B5-3144-A985-123A1C4768FC}.Debug|x64.Build.0 = Debug|x64
		{B9EDAE66-37B5-3144-A985-123A1C4768FC}.Release|x64.ActiveCfg = Release|x64
		{B9EDAE66-37B5-3144-A985-123A1C4768FC}.Release|x64.Build.0 = Release|x64
		{B9EDAE66-37B5-3144-A985-123A1C4768FC}.MinSizeRel|x64.ActiveCfg = MinSizeRel|x64
		{B9EDAE66-37B5-3144-A985-123A1C4768FC}.MinSizeRel|x64.Build.0 = MinSizeRel|x64
		{B9EDAE66-37B5-3144-A985-123A1C4768FC}.RelWithDebInfo|x64.ActiveCfg = RelWithDebInfo|x64
		{B9EDAE66-37B5-3144-A985-123A1C4768FC}.RelWithDebInfo|x64.Build.0 = RelWithDebInfo|x64
		{69DCF1A9-F3CD-38ED-8F40-64BC4AFE3A54}.Debug|x64.ActiveCfg = Debug|x64
		{69DCF1A9-F3CD-38ED-8F40-64BC4AFE3A54}.Debug|x64.Build.0 = Debug|x64
		{69DCF1A9-F3CD-38ED-8F40-64BC4AFE3A54}.Release|x64.ActiveCfg = Release|x64
		{69DCF1A9-F3CD-38ED-8F40-64BC4AFE3A54}.Release|x64.Build.0 = Release|x64
		{69DCF1A9-F3CD-38ED-8F40-64BC4AFE3A54}.MinSizeRel|x64.ActiveCfg = MinSizeRel|x64
		{69DCF1A9-F3CD-38ED-8F40-64BC4AFE3A54}.MinSizeRel|x64.Build.0 = MinSizeRel|x64
		{69DCF1A9-F3CD-38ED-8F40-64BC4AFE3A54}.RelWithDebInfo|x64.ActiveCfg = RelWithDebInfo|x64
		{69DCF1A9-F3CD-38ED-8F40-64BC4AFE3A54}.RelWithDebInfo|x64.Build.0 = RelWithDebInfo|x64
		{2A78D8BB-904F-3F23-8166-87173C42B152}.Debug|x64.ActiveCfg = Debug|x64
		{2A78D8BB-904F-3F23-8166-87173C42B152}.Debug|x64.Build.0 = Debug|x64
		{2A78D8BB-904F-3F23-8166-87173C42B152}.Release|x64.ActiveCfg = Release|x64
		{2A78D8BB-904F-3F23-8166-87173C42B152}.Release|x64.Build.0 = Release|x64
		{2A78D8BB-904F-3F23-8166-87173C42B152}.MinSizeRel|x64.ActiveCfg = MinSizeRel|x64
		{2A78D8BB-904F-3F23-8166-87173C42B152}.MinSizeRel|x64.Build.0 = MinSizeRel|x64
		{2A78D8BB-904F-3F23-8166-87173C42B152}.RelWithDebInfo|x64.ActiveCfg = RelWithDebInfo|x64
		{2A78D8BB-904F-3F23-8166-87173C42B152}.RelWithDebInfo|x64.Build.0 = RelWithDebInfo|x64
		{F3996488-95B7-3A2E-A01E-53FA7C5F08C8}.Debug|x64.ActiveCfg = Debug|x64
		{F3996488-95B7-3A2E-A01E-53FA7C5F08C8}.Debug|x64.Build.0 = Debug|x64
		{F3996488-95B7-3A2E-A01E-53FA7C5F08C8}.Release|x64.ActiveCfg = Release|x64
		{F3996488-95B7-3A2E-A01E-53FA7C5F08C8}.Release|x64.Build.0 = Release|x64
		{F3996488-95B7-3A2E-A01E-53FA7C5F08C8}.MinSizeRel|x64.ActiveCfg = MinSizeRel|x64
		{F3996488-95B7-3A2E-A01E-53FA7C5F08C8}.MinSizeRel|x64.Build.0 = MinSizeRel|x64
		{F3996488-95B7-3A2E-A01E-53FA7C5F08C8}.RelWithDebInfo|x64.ActiveCfg = RelWithDebInfo|x64
		{F3996488-95B7-3A2E-A01E-53FA7C5F08C8}.RelWithDebInfo|x64.Build.0 = RelWithDebInfo|x64
		{1B6566E4-1367-395A-865F-4BD54C28CD34}.Debug|x64.ActiveCfg = Debug|x64
		{1B6566E4-1367-395A-865F-4BD54C28CD34}.Debug|x64.Build.0 = Debug|x64
		{1B6566E4-1367-395A-865F-4BD54C28CD34}.Release|x64.ActiveCfg = Release|x64
		{1B6566E4-1367-395A-865F-4BD54C28CD34}.Release|x64.Build.0 = Release|x64
		{1B6566E4-1367-395A-865F-4BD54C28CD34}.MinSizeRel|x64.ActiveCfg = MinSizeRel|x64
		{1B6566E4-1367-395A-865F-4BD54C28CD34}.MinSizeRel|x64.Build.0 = MinSizeRel|x64
		{1B6566E4-1367-395A-865F-4BD54C28CD34}.RelWithDebInfo|x64.ActiveCfg = RelWithDebInfo|x64
		{1B6566E4-1367-395A-865F-4BD54C28CD34}.RelWithDebInfo|x64.Build.0 = RelWithDebInfo|x64
		{564D2429-CF47-3352-8824-08172D9DFE4D}.Debug|x64.ActiveCfg = Debug|x64
		{564D2429-CF47-3352-8824-08172D9DFE4D}.Debug|x64.Build.0 = Debug|x64
		{564D2429-CF47-3352-8824-08172D9DFE4D}.Release|x64.ActiveCfg = Release|x64
		{564D2429-CF47-3352-8824-08172D9DFE4D}.Release|x64.Build.0 = Release|x64
		{564D2429-CF47-3352-8824-08172D9DFE4D}.MinSizeRel|x64.ActiveCfg = MinSizeRel|x64
		{564D2429-CF47-3352-8824-08172D9DFE4D}.MinSizeRel|x64.Build.0 = MinSizeRel|x64
		{564D2429-CF47-3352-8824-08172D9DFE4D}.RelWithDebInfo|x64.ActiveCfg = RelWithDebInfo|x64
		{564D2429-CF47-3352-8824-08172D9DFE4D}.RelWithDebInfo|x64.Build.0 = RelWithDebInfo|x64
		{66EDDC25-89AB-3CCB-A60C-05CE7BCE95CC}.Debug|x64.ActiveCfg = Debug|x64
		{66EDDC25-89AB-3CCB-A60C-05CE7BCE95CC}.Debug|x64.Build.0 = Debug|x64
		{66EDDC25-89AB-3CCB-A60C-05CE7BCE95CC}.Release|x64.ActiveCfg = Release|x64
		{66EDDC25-89AB-3CCB-A60C-05CE7BCE95CC}.Release|x64.Build.0 = Release|x64
		{66EDDC25-89AB-3CCB-A60C-05CE7BCE95CC}.MinSizeRel|x64.ActiveCfg = MinSizeRel|x64
		{66EDDC25-89AB-3CCB-A60C-05CE7BCE95CC}.MinSizeRel|x64.Build.0 = MinSizeRel|x64
		{66EDDC25-89AB-3CCB-A60C-05CE7BCE95CC}.RelWithDebInfo|x64.ActiveCfg = RelWithDebInfo|x64
		{66EDDC25-89AB-3CCB-A60C-05CE7BCE95CC}.RelWithDebInfo|x64.Build.0 = RelWithDebInfo|x64
		{0DD2448E-81E4-3D9C-84D2-3563D1000D1A}.Debug|x64.ActiveCfg = Debug|x64
		{0DD2448E-81E4-3D9C-84D2-3563D1000D1A}.Debug|x64.Build.0 = Debug|x64
		{0DD2448E-81E4-3D9C-84D2-3563D1000D1A}.Release|x64.ActiveCfg = Release|x64
		{0DD2448E-81E4-3D9C-84D2-3563D1000D1A}.Release|x64.Build.0 = Release|x64
		{0DD2448E-81E4-3D9C-84D2-3563D1000D1A}.MinSizeRel|x64.ActiveCfg = MinSizeRel|x64
		{0DD2448E-81E4-3D9C-84D2-3563D1000D1A}.MinSizeRel|x64.Build.0 = MinSizeRel|x64
		{0DD2448E-81E4-3D9C-84D2-3563D1000D1A}.RelWithDebInfo|x64.ActiveCfg = RelWithDebInfo|x64
		{0DD2448E-81E4-3D9C-84D2-3563D1000D1A}.RelWithDebInfo|x64.Build.0 = RelWithDebInfo|x64
		{75FB6405-A7BB-3A30-B2F2-E1C347AC701B}.Debug|x64.ActiveCfg = Debug|x64
		{75FB6405-A7BB-3A30-B2F2-E1C347AC701B}.Debug|x64.Build.0 = Debug|x64
		{75FB6405-A7BB-3A30-B2F2-E1C347AC701B}.Release|x64.ActiveCfg = Release|x64
		{75FB6405-A7BB-3A30-B2F2-E1C347AC701B}.Release|x64.Build.0 = Release|x64
		{75FB6405-A7BB-3A30-B2F2-E1C347AC701B}.MinSizeRel|x64.ActiveCfg = MinSizeRel|x64
		{75FB6405-A7BB-3A30-B2F2-E1C347AC701B}.MinSizeRel|x64.Build.0 = MinSizeRel|x64
		{75FB6405-A7BB-3A30-B2F2-E1C347AC701B}.RelWithDebInfo|x64.ActiveCfg = RelWithDebInfo|x64
		{75FB6405-A7BB-3A30-B2F2-E1C347AC701B}.RelWithDebInfo|x64.Build.0 = RelWithDebInfo|x64
		{27209229-7835-34B7-A694-40F56C1DD30C}.Debug|x64.ActiveCfg = Debug|x64
		{27209229-7835-34B7-A694-40F56C1DD30C}.Debug|x64.Build.0 = Debug|x64
		{27209229-7835-34B7-A694-40F56C1DD30C}.Release|x64.ActiveCfg = Release|x64
		{27209229-7835-34B7-A694-40F56C1DD30C}.Release|x64.Build.0 = Release|x64
		{27209229-7835-34B7-A694-40F56C1DD30C}.MinSizeRel|x64.ActiveCfg = MinSizeRel|x64
		{27209229-7835-34B7-A694-40F56C1DD30C}.MinSizeRel|x64.Build.0 = MinSizeRel|x64
		{27209229-7835-34B7-A694-40F56C1DD30C}.RelWithDebInfo|x64.ActiveCfg = RelWithDebInfo|x64
		{27209229-7835-34B7-A694-40F56C1DD30C}.RelWithDebInfo|x64.Build.0 = RelWithDebInfo|x64
		{7346FC40-F21E-31C1-A946-63E248DAC647}.Debug|x64.ActiveCfg = Debug|x64
		{7346FC40-F21E-31C1-A946-63E248DAC647}.Debug|x64.Build.0 = Debug|x64
		{7346FC40-F21E-31C1-A946-63E248DAC647}.Release|x64.ActiveCfg = Release|x64
		{7346FC40-F21E-31C1-A946-63E248DAC647}.Release|x64.Build.0 = Release|x64
		{7346FC40-F21E-31C1-A946-63E248DAC647}.MinSizeRel|x64.ActiveCfg = MinSizeRel|x64
		{7346FC40-F21E-31C1-A946-63E248DAC647}.MinSizeRel|x64.Build.0 = MinSizeRel|x64
		{7346FC40-F21E-31C1-A946-63E248DAC647}.RelWithDebInfo|x64.ActiveCfg = RelWithDebInfo|x64
		{7346FC40-F21E-31C1-A946-63E248DAC647}.RelWithDebInfo|x64.Build.0 = RelWithDebInfo|x64
		{92BEA803-ADFF-3099-B7D5-EA15F6426D04}.Debug|x64.ActiveCfg = Debug|x64
		{92BEA803-ADFF-3099-B7D5-EA15F6426D04}.Debug|x64.Build.0 = Debug|x64
		{92BEA803-ADFF-3099-B7D5-EA15F6426D04}.Release|x64.ActiveCfg = Release|x64
		{92BEA803-ADFF-3099-B7D5-EA15F6426D04}.Release|x64.Build.0 = Release|x64
		{92BEA803-ADFF-3099-B7D5-EA15F6426D04}.MinSizeRel|x64.ActiveCfg = MinSizeRel|x64
		{92BEA803-ADFF-3099-B7D5-EA15F6426D04}.MinSizeRel|x64.Build.0 = MinSizeRel|x64
		{92BEA803-ADFF-3099-B7D5-EA15F6426D04}.RelWithDebInfo|x64.ActiveCfg = RelWithDebInfo|x64
		{92BEA803-ADFF-3099-B7D5-EA15F6426D04}.RelWithDebInfo|x64.Build.0 = RelWithDebInfo|x64
		{9DF48269-7FD9-3342-AA7C-C8AA5126191A}.Debug|x64.ActiveCfg = Debug|x64
		{9DF48269-7FD9-3342-AA7C-C8AA5126191A}.Debug|x64.Build.0 = Debug|x64
		{9DF48269-7FD9-3342-AA7C-C8AA5126191A}.Release|x64.ActiveCfg = Release|x64
		{9DF48269-7FD9-3342-AA7C-C8AA5126191A}.Release|x64.Build.0 = Release|x64
		{9DF48269-7FD9-3342-AA7C-C8AA5126191A}.MinSizeRel|x64.ActiveCfg = MinSizeRel|x64
		{9DF48269-7FD9-3342-AA7C-C8AA5126191A}.MinSizeRel|x64.Build.0 = MinSizeRel|x64
		{9DF48269-7FD9-3342-AA7C-C8AA5126191A}.RelWithDebInfo|x64.ActiveCfg = RelWithDebInfo|x64
		{9DF48269-7FD9-3342-AA7C-C8AA5126191A}.RelWithDebInfo|x64.Build.0 = RelWithDebInfo|x64
		{38AB001A-B2FA-3FF9-80B8-AA105E78DB77}.Debug|x64.ActiveCfg = Debug|x64
		{38AB001A-B2FA-3FF9-80B8-AA105E78DB77}.Debug|x64.Build.0 = Debug|x64
		{38AB001A-B2FA-3FF9-80B8-AA105E78DB77}.Release|x64.ActiveCfg = Release|x64
		{38AB001A-B2FA-3FF9-80B8-AA105E78DB77}.Release|x64.Build.0 = Release|x64
		{38AB001A-B2FA-3FF9-80B8-AA105E78DB77}.MinSizeRel|x64.ActiveCfg = MinSizeRel|x64
		{38AB001A-B2FA-3FF9-80B8-AA105E78DB77}.MinSizeRel|x64.Build.0 = MinSizeRel|x64
		{38AB001A-B2FA-3FF9-80B8-AA105E78DB77}.RelWithDebInfo|x64.ActiveCfg = RelWithDebInfo|x64
		{38AB001A-B2FA-3FF9-80B8-AA105E78DB77}.RelWithDebInfo|x64.Build.0 = RelWithDebInfo|x64
		{1BD539A8-0282-31F1-B8EF-EBCEF4E64A90}.Debug|x64.ActiveCfg = Debug|x64
		{1BD539A8-0282-31F1-B8EF-EBCEF4E64A90}.Debug|x64.Build.0 = Debug|x64
		{1BD539A8-0282-31F1-B8EF-EBCEF4E64A90}.Release|x64.ActiveCfg = Release|x64
		{1BD539A8-0282-31F1-B8EF-EBCEF4E64A90}.Release|x64.Build.0 = Release|x64
		{1BD539A8-0282-31F1-B8EF-EBCEF4E64A90}.MinSizeRel|x64.ActiveCfg = MinSizeRel|x64
		{1BD539A8-0282-31F1-B8EF-EBCEF4E64A90}.MinSizeRel|x64.Build.0 = MinSizeRel|x64
		{1BD539A8-0282-31F1-B8EF-EBCEF4E64A90}.RelWithDebInfo|x64.ActiveCfg = RelWithDebInfo|x64
		{1BD539A8-0282-31F1-B8EF-EBCEF4E64A90}.RelWithDebInfo|x64.Build.0 = RelWithDebInfo|x64
		{606B42A0-8CC0-3438-90E3-135EEEDEE909}.Debug|x64.ActiveCfg = Debug|x64
		{606B42A0-8CC0-3438-90E3-135EEEDEE909}.Debug|x64.Build.0 = Debug|x64
		{606B42A0-8CC0-3438-90E3-135EEEDEE909}.Release|x64.ActiveCfg = Release|x64
		{606B42A0-8CC0-3438-90E3-135EEEDEE909}.Release|x64.Build.0 = Release|x64
		{606B42A0-8CC0-3438-90E3-135EEEDEE909}.MinSizeRel|x64.ActiveCfg = MinSizeRel|x64
		{606B42A0-8CC0-3438-90E3-135EEEDEE909}.MinSizeRel|x64.Build.0 = MinSizeRel|x64
		{606B42A0-8CC0-3438-90E3-135EEEDEE909}.RelWithDebInfo|x64.ActiveCfg = RelWithDebInfo|x64
		{606B42A0-8CC0-3438-90E3-135EEEDEE909}.RelWithDebInfo|x64.Build.0 = RelWithDebInfo|x64
		{AEFB9DDF-4BD2-39FD-AE08-4A1A23A446B7}.Debug|x64.ActiveCfg = Debug|x64
		{AEFB9DDF-4BD2-39FD-AE08-4A1A23A446B7}.Debug|x64.Build.0 = Debug|x64
		{AEFB9DDF-4BD2-39FD-AE08-4A1A23A446B7}.Release|x64.ActiveCfg = Release|x64
		{AEFB9DDF-4BD2-39FD-AE08-4A1A23A446B7}.Release|x64.Build.0 = Release|x64
		{AEFB9DDF-4BD2-39FD-AE08-4A1A23A446B7}.MinSizeRel|x64.ActiveCfg = MinSizeRel|x64
		{AEFB9DDF-4BD2-39FD-AE08-4A1A23A446B7}.MinSizeRel|x64.Build.0 = MinSizeRel|x64
		{AEFB9DDF-4BD2-39FD-AE08-4A1A23A446B7}.RelWithDebInfo|x64.ActiveCfg = RelWithDebInfo|x64
		{AEFB9DDF-4BD2-39FD-AE08-4A1A23A446B7}.RelWithDebInfo|x64.Build.0 = RelWithDebInfo|x64
		{9865B25A-2AE1-3AA7-91D9-4B04E0979EB1}.Debug|x64.ActiveCfg = Debug|x64
		{9865B25A-2AE1-3AA7-91D9-4B04E0979EB1}.Debug|x64.Build.0 = Debug|x64
		{9865B25A-2AE1-3AA7-91D9-4B04E0979EB1}.Release|x64.ActiveCfg = Release|x64
		{9865B25A-2AE1-3AA7-91D9-4B04E0979EB1}.Release|x64.Build.0 = Release|x64
		{9865B25A-2AE1-3AA7-91D9-4B04E0979EB1}.MinSizeRel|x64.ActiveCfg = MinSizeRel|x64
		{9865B25A-2AE1-3AA7-91D9-4B04E0979EB1}.MinSizeRel|x64.Build.0 = MinSizeRel|x64
		{9865B25A-2AE1-3AA7-91D9-4B04E0979EB1}.RelWithDebInfo|x64.ActiveCfg = RelWithDebInfo|x64
		{9865B25A-2AE1-3AA7-91D9-4B04E0979EB1}.RelWithDebInfo|x64.Build.0 = RelWithDebInfo|x64
		{CC1758BF-B7AC-3214-A2AC-8268398CACDF}.Debug|x64.ActiveCfg = Debug|x64
		{CC1758BF-B7AC-3214-A2AC-8268398CACDF}.Debug|x64.Build.0 = Debug|x64
		{CC1758BF-B7AC-3214-A2AC-8268398CACDF}.Release|x64.ActiveCfg = Release|x64
		{CC1758BF-B7AC-3214-A2AC-8268398CACDF}.Release|x64.Build.0 = Release|x64
		{CC1758BF-B7AC-3214-A2AC-8268398CACDF}.MinSizeRel|x64.ActiveCfg = MinSizeRel|x64
		{CC1758BF-B7AC-3214-A2AC-8268398CACDF}.MinSizeRel|x64.Build.0 = MinSizeRel|x64
		{CC1758BF-B7AC-3214-A2AC-8268398CACDF}.RelWithDebInfo|x64.ActiveCfg = RelWithDebInfo|x64
		{CC1758BF-B7AC-3214-A2AC-8268398CACDF}.RelWithDebInfo|x64.Build.0 = RelWithDebInfo|x64
		{CC34468B-0BA8-354A-9E9F-EBD3DF077821}.Debug|x64.ActiveCfg = Debug|x64
		{CC34468B-0BA8-354A-9E9F-EBD3DF077821}.Debug|x64.Build.0 = Debug|x64
		{CC34468B-0BA8-354A-9E9F-EBD3DF077821}.Release|x64.ActiveCfg = Release|x64
		{CC34468B-0BA8-354A-9E9F-EBD3DF077821}.Release|x64.Build.0 = Release|x64
		{CC34468B-0BA8-354A-9E9F-EBD3DF077821}.MinSizeRel|x64.ActiveCfg = MinSizeRel|x64
		{CC34468B-0BA8-354A-9E9F-EBD3DF077821}.MinSizeRel|x64.Build.0 = MinSizeRel|x64
		{CC34468B-0BA8-354A-9E9F-EBD3DF077821}.RelWithDebInfo|x64.ActiveCfg = RelWithDebInfo|x64
		{CC34468B-0BA8-354A-9E9F-EBD3DF077821}.RelWithDebInfo|x64.Build.0 = RelWithDebInfo|x64
		{3B075578-1A9B-31BB-9F4C-DB66F080ABF0}.Debug|x64.ActiveCfg = Debug|x64
		{3B075578-1A9B-31BB-9F4C-DB66F080ABF0}.Debug|x64.Build.0 = Debug|x64
		{3B075578-1A9B-31BB-9F4C-DB66F080ABF0}.Release|x64.ActiveCfg = Release|x64
		{3B075578-1A9B-31BB-9F4C-DB66F080ABF0}.Release|x64.Build.0 = Release|x64
		{3B075578-1A9B-31BB-9F4C-DB66F080ABF0}.MinSizeRel|x64.ActiveCfg = MinSizeRel|x64
		{3B075578-1A9B-31BB-9F4C-DB66F080ABF0}.MinSizeRel|x64.Build.0 = MinSizeRel|x64
		{3B075578-1A9B-31BB-9F4C-DB66F080ABF0}.RelWithDebInfo|x64.ActiveCfg = RelWithDebInfo|x64
		{3B075578-1A9B-31BB-9F4C-DB66F080ABF0}.RelWithDebInfo|x64.Build.0 = RelWithDebInfo|x64
		{823244C1-E9BF-3A91-9D51-F6FC40EFA42D}.Debug|x64.ActiveCfg = Debug|x64
		{823244C1-E9BF-3A91-9D51-F6FC40EFA42D}.Debug|x64.Build.0 = Debug|x64
		{823244C1-E9BF-3A91-9D51-F6FC40EFA42D}.Release|x64.ActiveCfg = Release|x64
		{823244C1-E9BF-3A91-9D51-F6FC40EFA42D}.Release|x64.Build.0 = Release|x64
		{823244C1-E9BF-3A91-9D51-F6FC40EFA42D}.MinSizeRel|x64.ActiveCfg = MinSizeRel|x64
		{823244C1-E9BF-3A91-9D51-F6FC40EFA42D}.MinSizeRel|x64.Build.0 = MinSizeRel|x64
		{823244C1-E9BF-3A91-9D51-F6FC40EFA42D}.RelWithDebInfo|x64.ActiveCfg = RelWithDebInfo|x64
		{823244C1-E9BF-3A91-9D51-F6FC40EFA42D}.RelWithDebInfo|x64.Build.0 = RelWithDebInfo|x64
		{9CC93F3B-3103-3400-89DE-142A8EDB67CC}.Debug|x64.ActiveCfg = Debug|x64
		{9CC93F3B-3103-3400-89DE-142A8EDB67CC}.Debug|x64.Build.0 = Debug|x64
		{9CC93F3B-3103-3400-89DE-142A8EDB67CC}.Release|x64.ActiveCfg = Release|x64
		{9CC93F3B-3103-3400-89DE-142A8EDB67CC}.Release|x64.Build.0 = Release|x64
		{9CC93F3B-3103-3400-89DE-142A8EDB67CC}.MinSizeRel|x64.ActiveCfg = MinSizeRel|x64
		{9CC93F3B-3103-3400-89DE-142A8EDB67CC}.MinSizeRel|x64.Build.0 = MinSizeRel|x64
		{9CC93F3B-3103-3400-89DE-142A8EDB67CC}.RelWithDebInfo|x64.ActiveCfg = RelWithDebInfo|x64
		{9CC93F3B-3103-3400-89DE-142A8EDB67CC}.RelWithDebInfo|x64.Build.0 = RelWithDebInfo|x64
		{0CF190FB-BFBC-3F4D-8D25-4D2D1965AE1C}.Debug|x64.ActiveCfg = Debug|x64
		{0CF190FB-BFBC-3F4D-8D25-4D2D1965AE1C}.Debug|x64.Build.0 = Debug|x64
		{0CF190FB-BFBC-3F4D-8D25-4D2D1965AE1C}.Release|x64.ActiveCfg = Release|x64
		{0CF190FB-BFBC-3F4D-8D25-4D2D1965AE1C}.Release|x64.Build.0 = Release|x64
		{0CF190FB-BFBC-3F4D-8D25-4D2D1965AE1C}.MinSizeRel|x64.ActiveCfg = MinSizeRel|x64
		{0CF190FB-BFBC-3F4D-8D25-4D2D1965AE1C}.MinSizeRel|x64.Build.0 = MinSizeRel|x64
		{0CF190FB-BFBC-3F4D-8D25-4D2D1965AE1C}.RelWithDebInfo|x64.ActiveCfg = RelWithDebInfo|x64
		{0CF190FB-BFBC-3F4D-8D25-4D2D1965AE1C}.RelWithDebInfo|x64.Build.0 = RelWithDebInfo|x64
		{C0F40FBB-CC94-3732-92F1-6F567756D371}.Debug|x64.ActiveCfg = Debug|x64
		{C0F40FBB-CC94-3732-92F1-6F567756D371}.Debug|x64.Build.0 = Debug|x64
		{C0F40FBB-CC94-3732-92F1-6F567756D371}.Release|x64.ActiveCfg = Release|x64
		{C0F40FBB-CC94-3732-92F1-6F567756D371}.Release|x64.Build.0 = Release|x64
		{C0F40FBB-CC94-3732-92F1-6F567756D371}.MinSizeRel|x64.ActiveCfg = MinSizeRel|x64
		{C0F40FBB-CC94-3732-92F1-6F567756D371}.MinSizeRel|x64.Build.0 = MinSizeRel|x64
		{C0F40FBB-CC94-3732-92F1-6F567756D371}.RelWithDebInfo|x64.ActiveCfg = RelWithDebInfo|x64
		{C0F40FBB-CC94-3732-92F1-6F567756D371}.RelWithDebInfo|x64.Build.0 = RelWithDebInfo|x64
		{24D40791-F67C-369C-806E-BC7B3DB0C1B0}.Debug|x64.ActiveCfg = Debug|x64
		{24D40791-F67C-369C-806E-BC7B3DB0C1B0}.Debug|x64.Build.0 = Debug|x64
		{24D40791-F67C-369C-806E-BC7B3DB0C1B0}.Release|x64.ActiveCfg = Release|x64
		{24D40791-F67C-369C-806E-BC7B3DB0C1B0}.Release|x64.Build.0 = Release|x64
		{24D40791-F67C-369C-806E-BC7B3DB0C1B0}.MinSizeRel|x64.ActiveCfg = MinSizeRel|x64
		{24D40791-F67C-369C-806E-BC7B3DB0C1B0}.MinSizeRel|x64.Build.0 = MinSizeRel|x64
		{24D40791-F67C-369C-806E-BC7B3DB0C1B0}.RelWithDebInfo|x64.ActiveCfg = RelWithDebInfo|x64
		{24D40791-F67C-369C-806E-BC7B3DB0C1B0}.RelWithDebInfo|x64.Build.0 = RelWithDebInfo|x64
		{5F099F7A-CD09-3FA2-BE8F-5095202EE248}.Debug|x64.ActiveCfg = Debug|x64
		{5F099F7A-CD09-3FA2-BE8F-5095202EE248}.Debug|x64.Build.0 = Debug|x64
		{5F099F7A-CD09-3FA2-BE8F-5095202EE248}.Release|x64.ActiveCfg = Release|x64
		{5F099F7A-CD09-3FA2-BE8F-5095202EE248}.Release|x64.Build.0 = Release|x64
		{5F099F7A-CD09-3FA2-BE8F-5095202EE248}.MinSizeRel|x64.ActiveCfg = MinSizeRel|x64
		{5F099F7A-CD09-3FA2-BE8F-5095202EE248}.MinSizeRel|x64.Build.0 = MinSizeRel|x64
		{5F099F7A-CD09-3FA2-BE8F-5095202EE248}.RelWithDebInfo|x64.ActiveCfg = RelWithDebInfo|x64
		{5F099F7A-CD09-3FA2-BE8F-5095202EE248}.RelWithDebInfo|x64.Build.0 = RelWithDebInfo|x64
		{9A1AF67F-8EE5-34B3-A902-AE7FC3AD37AD}.Debug|x64.ActiveCfg = Debug|x64
		{9A1AF67F-8EE5-34B3-A902-AE7FC3AD37AD}.Debug|x64.Build.0 = Debug|x64
		{9A1AF67F-8EE5-34B3-A902-AE7FC3AD37AD}.Release|x64.ActiveCfg = Release|x64
		{9A1AF67F-8EE5-34B3-A902-AE7FC3AD37AD}.Release|x64.Build.0 = Release|x64
		{9A1AF67F-8EE5-34B3-A902-AE7FC3AD37AD}.MinSizeRel|x64.ActiveCfg = MinSizeRel|x64
		{9A1AF67F-8EE5-34B3-A902-AE7FC3AD37AD}.MinSizeRel|x64.Build.0 = MinSizeRel|x64
		{9A1AF67F-8EE5-34B3-A902-AE7FC3AD37AD}.RelWithDebInfo|x64.ActiveCfg = RelWithDebInfo|x64
		{9A1AF67F-8EE5-34B3-A902-AE7FC3AD37AD}.RelWithDebInfo|x64.Build.0 = RelWithDebInfo|x64
		{B90C2175-8435-328F-9816-7270A144B299}.Debug|x64.ActiveCfg = Debug|x64
		{B90C2175-8435-328F-9816-7270A144B299}.Debug|x64.Build.0 = Debug|x64
		{B90C2175-8435-328F-9816-7270A144B299}.Release|x64.ActiveCfg = Release|x64
		{B90C2175-8435-328F-9816-7270A144B299}.Release|x64.Build.0 = Release|x64
		{B90C2175-8435-328F-9816-7270A144B299}.MinSizeRel|x64.ActiveCfg = MinSizeRel|x64
		{B90C2175-8435-328F-9816-7270A144B299}.MinSizeRel|x64.Build.0 = MinSizeRel|x64
		{B90C2175-8435-328F-9816-7270A144B299}.RelWithDebInfo|x64.ActiveCfg = RelWithDebInfo|x64
		{B90C2175-8435-328F-9816-7270A144B299}.RelWithDebInfo|x64.Build.0 = RelWithDebInfo|x64
		{9337FBE4-E143-3F24-A89D-28F4F9C838C8}.Debug|x64.ActiveCfg = Debug|x64
		{9337FBE4-E143-3F24-A89D-28F4F9C838C8}.Debug|x64.Build.0 = Debug|x64
		{9337FBE4-E143-3F24-A89D-28F4F9C838C8}.Release|x64.ActiveCfg = Release|x64
		{9337FBE4-E143-3F24-A89D-28F4F9C838C8}.Release|x64.Build.0 = Release|x64
		{9337FBE4-E143-3F24-A89D-28F4F9C838C8}.MinSizeRel|x64.ActiveCfg = MinSizeRel|x64
		{9337FBE4-E143-3F24-A89D-28F4F9C838C8}.MinSizeRel|x64.Build.0 = MinSizeRel|x64
		{9337FBE4-E143-3F24-A89D-28F4F9C838C8}.RelWithDebInfo|x64.ActiveCfg = RelWithDebInfo|x64
		{9337FBE4-E143-3F24-A89D-28F4F9C838C8}.RelWithDebInfo|x64.Build.0 = RelWithDebInfo|x64
		{CE49F9C0-01F7-322A-BE94-8B2903481C4A}.Debug|x64.ActiveCfg = Debug|x64
		{CE49F9C0-01F7-322A-BE94-8B2903481C4A}.Debug|x64.Build.0 = Debug|x64
		{CE49F9C0-01F7-322A-BE94-8B2903481C4A}.Release|x64.ActiveCfg = Release|x64
		{CE49F9C0-01F7-322A-BE94-8B2903481C4A}.Release|x64.Build.0 = Release|x64
		{CE49F9C0-01F7-322A-BE94-8B2903481C4A}.MinSizeRel|x64.ActiveCfg = MinSizeRel|x64
		{CE49F9C0-01F7-322A-BE94-8B2903481C4A}.MinSizeRel|x64.Build.0 = MinSizeRel|x64
		{CE49F9C0-01F7-322A-BE94-8B2903481C4A}.RelWithDebInfo|x64.ActiveCfg = RelWithDebInfo|x64
		{CE49F9C0-01F7-322A-BE94-8B2903481C4A}.RelWithDebInfo|x64.Build.0 = RelWithDebInfo|x64
		{45F6645B-8BE7-3884-87E7-866367D5827A}.Debug|x64.ActiveCfg = Debug|x64
		{45F6645B-8BE7-3884-87E7-866367D5827A}.Debug|x64.Build.0 = Debug|x64
		{45F6645B-8BE7-3884-87E7-866367D5827A}.Release|x64.ActiveCfg = Release|x64
		{45F6645B-8BE7-3884-87E7-866367D5827A}.Release|x64.Build.0 = Release|x64
		{45F6645B-8BE7-3884-87E7-866367D5827A}.MinSizeRel|x64.ActiveCfg = MinSizeRel|x64
		{45F6645B-8BE7-3884-87E7-866367D5827A}.MinSizeRel|x64.Build.0 = MinSizeRel|x64
		{45F6645B-8BE7-3884-87E7-866367D5827A}.RelWithDebInfo|x64.ActiveCfg = RelWithDebInfo|x64
		{45F6645B-8BE7-3884-87E7-866367D5827A}.RelWithDebInfo|x64.Build.0 = RelWithDebInfo|x64
		{56B520A0-EBF7-329C-9907-0298A5012FF1}.Debug|x64.ActiveCfg = Debug|x64
		{56B520A0-EBF7-329C-9907-0298A5012FF1}.Debug|x64.Build.0 = Debug|x64
		{56B520A0-EBF7-329C-9907-0298A5012FF1}.Release|x64.ActiveCfg = Release|x64
		{56B520A0-EBF7-329C-9907-0298A5012FF1}.Release|x64.Build.0 = Release|x64
		{56B520A0-EBF7-329C-9907-0298A5012FF1}.MinSizeRel|x64.ActiveCfg = MinSizeRel|x64
		{56B520A0-EBF7-329C-9907-0298A5012FF1}.MinSizeRel|x64.Build.0 = MinSizeRel|x64
		{56B520A0-EBF7-329C-9907-0298A5012FF1}.RelWithDebInfo|x64.ActiveCfg = RelWithDebInfo|x64
		{56B520A0-EBF7-329C-9907-0298A5012FF1}.RelWithDebInfo|x64.Build.0 = RelWithDebInfo|x64
		{7BC48B60-0130-3422-BEF8-9801146C2C74}.Debug|x64.ActiveCfg = Debug|x64
		{7BC48B60-0130-3422-BEF8-9801146C2C74}.Debug|x64.Build.0 = Debug|x64
		{7BC48B60-0130-3422-BEF8-9801146C2C74}.Release|x64.ActiveCfg = Release|x64
		{7BC48B60-0130-3422-BEF8-9801146C2C74}.Release|x64.Build.0 = Release|x64
		{7BC48B60-0130-3422-BEF8-9801146C2C74}.MinSizeRel|x64.ActiveCfg = MinSizeRel|x64
		{7BC48B60-0130-3422-BEF8-9801146C2C74}.MinSizeRel|x64.Build.0 = MinSizeRel|x64
		{7BC48B60-0130-3422-BEF8-9801146C2C74}.RelWithDebInfo|x64.ActiveCfg = RelWithDebInfo|x64
		{7BC48B60-0130-3422-BEF8-9801146C2C74}.RelWithDebInfo|x64.Build.0 = RelWithDebInfo|x64
		{39138108-A86A-3B09-A2D8-33D56B4D77E4}.Debug|x64.ActiveCfg = Debug|x64
		{39138108-A86A-3B09-A2D8-33D56B4D77E4}.Debug|x64.Build.0 = Debug|x64
		{39138108-A86A-3B09-A2D8-33D56B4D77E4}.Release|x64.ActiveCfg = Release|x64
		{39138108-A86A-3B09-A2D8-33D56B4D77E4}.Release|x64.Build.0 = Release|x64
		{39138108-A86A-3B09-A2D8-33D56B4D77E4}.MinSizeRel|x64.ActiveCfg = MinSizeRel|x64
		{39138108-A86A-3B09-A2D8-33D56B4D77E4}.MinSizeRel|x64.Build.0 = MinSizeRel|x64
		{39138108-A86A-3B09-A2D8-33D56B4D77E4}.RelWithDebInfo|x64.ActiveCfg = RelWithDebInfo|x64
		{39138108-A86A-3B09-A2D8-33D56B4D77E4}.RelWithDebInfo|x64.Build.0 = RelWithDebInfo|x64
		{76B1AB2E-0FF6-3F21-B9B0-E96FBFCE5944}.Debug|x64.ActiveCfg = Debug|x64
		{76B1AB2E-0FF6-3F21-B9B0-E96FBFCE5944}.Debug|x64.Build.0 = Debug|x64
		{76B1AB2E-0FF6-3F21-B9B0-E96FBFCE5944}.Release|x64.ActiveCfg = Release|x64
		{76B1AB2E-0FF6-3F21-B9B0-E96FBFCE5944}.Release|x64.Build.0 = Release|x64
		{76B1AB2E-0FF6-3F21-B9B0-E96FBFCE5944}.MinSizeRel|x64.ActiveCfg = MinSizeRel|x64
		{76B1AB2E-0FF6-3F21-B9B0-E96FBFCE5944}.MinSizeRel|x64.Build.0 = MinSizeRel|x64
		{76B1AB2E-0FF6-3F21-B9B0-E96FBFCE5944}.RelWithDebInfo|x64.ActiveCfg = RelWithDebInfo|x64
		{76B1AB2E-0FF6-3F21-B9B0-E96FBFCE5944}.RelWithDebInfo|x64.Build.0 = RelWithDebInfo|x64
		{815BBB5A-D3BE-3472-8A4C-AFF2EBC295DE}.Debug|x64.ActiveCfg = Debug|x64
		{815BBB5A-D3BE-3472-8A4C-AFF2EBC295DE}.Debug|x64.Build.0 = Debug|x64
		{815BBB5A-D3BE-3472-8A4C-AFF2EBC295DE}.Release|x64.ActiveCfg = Release|x64
		{815BBB5A-D3BE-3472-8A4C-AFF2EBC295DE}.Release|x64.Build.0 = Release|x64
		{815BBB5A-D3BE-3472-8A4C-AFF2EBC295DE}.MinSizeRel|x64.ActiveCfg = MinSizeRel|x64
		{815BBB5A-D3BE-3472-8A4C-AFF2EBC295DE}.MinSizeRel|x64.Build.0 = MinSizeRel|x64
		{815BBB5A-D3BE-3472-8A4C-AFF2EBC295DE}.RelWithDebInfo|x64.ActiveCfg = RelWithDebInfo|x64
		{815BBB5A-D3BE-3472-8A4C-AFF2EBC295DE}.RelWithDebInfo|x64.Build.0 = RelWithDebInfo|x64
		{5CA62C68-9E27-3CEE-B898-38CB16D09A71}.Debug|x64.ActiveCfg = Debug|x64
		{5CA62C68-9E27-3CEE-B898-38CB16D09A71}.Debug|x64.Build.0 = Debug|x64
		{5CA62C68-9E27-3CEE-B898-38CB16D09A71}.Release|x64.ActiveCfg = Release|x64
		{5CA62C68-9E27-3CEE-B898-38CB16D09A71}.Release|x64.Build.0 = Release|x64
		{5CA62C68-9E27-3CEE-B898-38CB16D09A71}.MinSizeRel|x64.ActiveCfg = MinSizeRel|x64
		{5CA62C68-9E27-3CEE-B898-38CB16D09A71}.MinSizeRel|x64.Build.0 = MinSizeRel|x64
		{5CA62C68-9E27-3CEE-B898-38CB16D09A71}.RelWithDebInfo|x64.ActiveCfg = RelWithDebInfo|x64
		{5CA62C68-9E27-3CEE-B898-38CB16D09A71}.RelWithDebInfo|x64.Build.0 = RelWithDebInfo|x64
		{356B71F4-FC6E-3C1F-B176-1E035679EA26}.Debug|x64.ActiveCfg = Debug|x64
		{356B71F4-FC6E-3C1F-B176-1E035679EA26}.Debug|x64.Build.0 = Debug|x64
		{356B71F4-FC6E-3C1F-B176-1E035679EA26}.Release|x64.ActiveCfg = Release|x64
		{356B71F4-FC6E-3C1F-B176-1E035679EA26}.Release|x64.Build.0 = Release|x64
		{356B71F4-FC6E-3C1F-B176-1E035679EA26}.MinSizeRel|x64.ActiveCfg = MinSizeRel|x64
		{356B71F4-FC6E-3C1F-B176-1E035679EA26}.MinSizeRel|x64.Build.0 = MinSizeRel|x64
		{356B71F4-FC6E-3C1F-B176-1E035679EA26}.RelWithDebInfo|x64.ActiveCfg = RelWithDebInfo|x64
		{356B71F4-FC6E-3C1F-B176-1E035679EA26}.RelWithDebInfo|x64.Build.0 = RelWithDebInfo|x64
		{9966688F-4B31-3FD4-A350-06E1D56723E0}.Debug|x64.ActiveCfg = Debug|x64
		{9966688F-4B31-3FD4-A350-06E1D56723E0}.Debug|x64.Build.0 = Debug|x64
		{9966688F-4B31-3FD4-A350-06E1D56723E0}.Release|x64.ActiveCfg = Release|x64
		{9966688F-4B31-3FD4-A350-06E1D56723E0}.Release|x64.Build.0 = Release|x64
		{9966688F-4B31-3FD4-A350-06E1D56723E0}.MinSizeRel|x64.ActiveCfg = MinSizeRel|x64
		{9966688F-4B31-3FD4-A350-06E1D56723E0}.MinSizeRel|x64.Build.0 = MinSizeRel|x64
		{9966688F-4B31-3FD4-A350-06E1D56723E0}.RelWithDebInfo|x64.ActiveCfg = RelWithDebInfo|x64
		{9966688F-4B31-3FD4-A350-06E1D56723E0}.RelWithDebInfo|x64.Build.0 = RelWithDebInfo|x64
		{E2EEAFA4-0229-3654-888F-06817835F4B6}.Debug|x64.ActiveCfg = Debug|x64
		{E2EEAFA4-0229-3654-888F-06817835F4B6}.Debug|x64.Build.0 = Debug|x64
		{E2EEAFA4-0229-3654-888F-06817835F4B6}.Release|x64.ActiveCfg = Release|x64
		{E2EEAFA4-0229-3654-888F-06817835F4B6}.Release|x64.Build.0 = Release|x64
		{E2EEAFA4-0229-3654-888F-06817835F4B6}.MinSizeRel|x64.ActiveCfg = MinSizeRel|x64
		{E2EEAFA4-0229-3654-888F-06817835F4B6}.MinSizeRel|x64.Build.0 = MinSizeRel|x64
		{E2EEAFA4-0229-3654-888F-06817835F4B6}.RelWithDebInfo|x64.ActiveCfg = RelWithDebInfo|x64
		{E2EEAFA4-0229-3654-888F-06817835F4B6}.RelWithDebInfo|x64.Build.0 = RelWithDebInfo|x64
		{B13C167B-EEBB-39C9-B812-6F945D62452E}.Debug|x64.ActiveCfg = Debug|x64
		{B13C167B-EEBB-39C9-B812-6F945D62452E}.Debug|x64.Build.0 = Debug|x64
		{B13C167B-EEBB-39C9-B812-6F945D62452E}.Release|x64.ActiveCfg = Release|x64
		{B13C167B-EEBB-39C9-B812-6F945D62452E}.Release|x64.Build.0 = Release|x64
		{B13C167B-EEBB-39C9-B812-6F945D62452E}.MinSizeRel|x64.ActiveCfg = MinSizeRel|x64
		{B13C167B-EEBB-39C9-B812-6F945D62452E}.MinSizeRel|x64.Build.0 = MinSizeRel|x64
		{B13C167B-EEBB-39C9-B812-6F945D62452E}.RelWithDebInfo|x64.ActiveCfg = RelWithDebInfo|x64
		{B13C167B-EEBB-39C9-B812-6F945D62452E}.RelWithDebInfo|x64.Build.0 = RelWithDebInfo|x64
		{9471E83B-BECC-373A-AE44-F647004000CF}.Debug|x64.ActiveCfg = Debug|x64
		{9471E83B-BECC-373A-AE44-F647004000CF}.Debug|x64.Build.0 = Debug|x64
		{9471E83B-BECC-373A-AE44-F647004000CF}.Release|x64.ActiveCfg = Release|x64
		{9471E83B-BECC-373A-AE44-F647004000CF}.Release|x64.Build.0 = Release|x64
		{9471E83B-BECC-373A-AE44-F647004000CF}.MinSizeRel|x64.ActiveCfg = MinSizeRel|x64
		{9471E83B-BECC-373A-AE44-F647004000CF}.MinSizeRel|x64.Build.0 = MinSizeRel|x64
		{9471E83B-BECC-373A-AE44-F647004000CF}.RelWithDebInfo|x64.ActiveCfg = RelWithDebInfo|x64
		{9471E83B-BECC-373A-AE44-F647004000CF}.RelWithDebInfo|x64.Build.0 = RelWithDebInfo|x64
		{CDE07411-A661-316E-8E32-EC185A86BFD0}.Debug|x64.ActiveCfg = Debug|x64
		{CDE07411-A661-316E-8E32-EC185A86BFD0}.Debug|x64.Build.0 = Debug|x64
		{CDE07411-A661-316E-8E32-EC185A86BFD0}.Release|x64.ActiveCfg = Release|x64
		{CDE07411-A661-316E-8E32-EC185A86BFD0}.Release|x64.Build.0 = Release|x64
		{CDE07411-A661-316E-8E32-EC185A86BFD0}.MinSizeRel|x64.ActiveCfg = MinSizeRel|x64
		{CDE07411-A661-316E-8E32-EC185A86BFD0}.MinSizeRel|x64.Build.0 = MinSizeRel|x64
		{CDE07411-A661-316E-8E32-EC185A86BFD0}.RelWithDebInfo|x64.ActiveCfg = RelWithDebInfo|x64
		{CDE07411-A661-316E-8E32-EC185A86BFD0}.RelWithDebInfo|x64.Build.0 = RelWithDebInfo|x64
		{367AD920-BEB6-35A3-9EAE-E72FE77691E7}.Debug|x64.ActiveCfg = Debug|x64
		{367AD920-BEB6-35A3-9EAE-E72FE77691E7}.Debug|x64.Build.0 = Debug|x64
		{367AD920-BEB6-35A3-9EAE-E72FE77691E7}.Release|x64.ActiveCfg = Release|x64
		{367AD920-BEB6-35A3-9EAE-E72FE77691E7}.Release|x64.Build.0 = Release|x64
		{367AD920-BEB6-35A3-9EAE-E72FE77691E7}.MinSizeRel|x64.ActiveCfg = MinSizeRel|x64
		{367AD920-BEB6-35A3-9EAE-E72FE77691E7}.MinSizeRel|x64.Build.0 = MinSizeRel|x64
		{367AD920-BEB6-35A3-9EAE-E72FE77691E7}.RelWithDebInfo|x64.ActiveCfg = RelWithDebInfo|x64
		{367AD920-BEB6-35A3-9EAE-E72FE77691E7}.RelWithDebInfo|x64.Build.0 = RelWithDebInfo|x64
		{406EFF55-F5EB-3EF6-A259-652A070C4CC1}.Debug|x64.ActiveCfg = Debug|x64
		{406EFF55-F5EB-3EF6-A259-652A070C4CC1}.Debug|x64.Build.0 = Debug|x64
		{406EFF55-F5EB-3EF6-A259-652A070C4CC1}.Release|x64.ActiveCfg = Release|x64
		{406EFF55-F5EB-3EF6-A259-652A070C4CC1}.Release|x64.Build.0 = Release|x64
		{406EFF55-F5EB-3EF6-A259-652A070C4CC1}.MinSizeRel|x64.ActiveCfg = MinSizeRel|x64
		{406EFF55-F5EB-3EF6-A259-652A070C4CC1}.MinSizeRel|x64.Build.0 = MinSizeRel|x64
		{406EFF55-F5EB-3EF6-A259-652A070C4CC1}.RelWithDebInfo|x64.ActiveCfg = RelWithDebInfo|x64
		{406EFF55-F5EB-3EF6-A259-652A070C4CC1}.RelWithDebInfo|x64.Build.0 = RelWithDebInfo|x64
		{E4147C20-C600-37B1-983D-25DA2A08B3D6}.Debug|x64.ActiveCfg = Debug|x64
		{E4147C20-C600-37B1-983D-25DA2A08B3D6}.Debug|x64.Build.0 = Debug|x64
		{E4147C20-C600-37B1-983D-25DA2A08B3D6}.Release|x64.ActiveCfg = Release|x64
		{E4147C20-C600-37B1-983D-25DA2A08B3D6}.Release|x64.Build.0 = Release|x64
		{E4147C20-C600-37B1-983D-25DA2A08B3D6}.MinSizeRel|x64.ActiveCfg = MinSizeRel|x64
		{E4147C20-C600-37B1-983D-25DA2A08B3D6}.MinSizeRel|x64.Build.0 = MinSizeRel|x64
		{E4147C20-C600-37B1-983D-25DA2A08B3D6}.RelWithDebInfo|x64.ActiveCfg = RelWithDebInfo|x64
		{E4147C20-C600-37B1-983D-25DA2A08B3D6}.RelWithDebInfo|x64.Build.0 = RelWithDebInfo|x64
	EndGlobalSection
	GlobalSection(NestedProjects) = preSolution
		{862E2279-2A86-3A3F-8B63-EDBB07883EC7} = {53A9D745-C1F4-3435-9779-981D6D45EF94}
		{61B15049-E769-36AB-BCEF-A2F2599C82FE} = {53A9D745-C1F4-3435-9779-981D6D45EF94}
		{EC431121-985B-3ECA-B8D5-E7E07B0BD797} = {53A9D745-C1F4-3435-9779-981D6D45EF94}
	EndGlobalSection
	GlobalSection(ExtensibilityGlobals) = postSolution
		SolutionGuid = {01C1AED3-4888-3803-8196-F3096C4D5F3D}
	EndGlobalSection
	GlobalSection(ExtensibilityAddIns) = postSolution
	EndGlobalSection
EndGlobal
